// !$*UTF8*$!
{
	archiveVersion = 1;
	classes = {
	};
	objectVersion = 46;
	objects = {

/* Begin PBXAggregateTarget section */
		"Concurrency::ConcurrencyPackageTests::ProductTarget" /* ConcurrencyPackageTests */ = {
			isa = PBXAggregateTarget;
			buildConfigurationList = OBJ_67 /* Build configuration list for PBXAggregateTarget "ConcurrencyPackageTests" */;
			buildPhases = (
			);
			dependencies = (
				OBJ_70 /* PBXTargetDependency */,
			);
			name = ConcurrencyPackageTests;
			productName = ConcurrencyPackageTests;
		};
/* End PBXAggregateTarget section */

/* Begin PBXBuildFile section */
		OBJ_47 /* AtomicBool.swift in Sources */ = {isa = PBXBuildFile; fileRef = OBJ_9 /* AtomicBool.swift */; };
		OBJ_48 /* AtomicInt.swift in Sources */ = {isa = PBXBuildFile; fileRef = OBJ_10 /* AtomicInt.swift */; };
		OBJ_49 /* AtomicReference.swift in Sources */ = {isa = PBXBuildFile; fileRef = OBJ_11 /* AtomicReference.swift */; };
		OBJ_50 /* AutoReleasingSemaphore.swift in Sources */ = {isa = PBXBuildFile; fileRef = OBJ_12 /* AutoReleasingSemaphore.swift */; };
		OBJ_51 /* CountDownLatch.swift in Sources */ = {isa = PBXBuildFile; fileRef = OBJ_13 /* CountDownLatch.swift */; };
		OBJ_52 /* ConcurrentSequenceExecutor.swift in Sources */ = {isa = PBXBuildFile; fileRef = OBJ_15 /* ConcurrentSequenceExecutor.swift */; };
		OBJ_53 /* ImmediateSerialSequenceExecutor.swift in Sources */ = {isa = PBXBuildFile; fileRef = OBJ_16 /* ImmediateSerialSequenceExecutor.swift */; };
		OBJ_54 /* SequenceExecutor.swift in Sources */ = {isa = PBXBuildFile; fileRef = OBJ_17 /* SequenceExecutor.swift */; };
		OBJ_55 /* Task.swift in Sources */ = {isa = PBXBuildFile; fileRef = OBJ_18 /* Task.swift */; };
		OBJ_57 /* ObjCBridges.framework in Frameworks */ = {isa = PBXBuildFile; fileRef = "Concurrency::ObjCBridges::Product" /* ObjCBridges.framework */; };
		OBJ_65 /* Package.swift in Sources */ = {isa = PBXBuildFile; fileRef = OBJ_6 /* Package.swift */; };
		OBJ_76 /* AtomicBoolTests.swift in Sources */ = {isa = PBXBuildFile; fileRef = OBJ_26 /* AtomicBoolTests.swift */; };
		OBJ_77 /* AtomicIntTests.swift in Sources */ = {isa = PBXBuildFile; fileRef = OBJ_27 /* AtomicIntTests.swift */; };
		OBJ_78 /* AtomicReferenceTests.swift in Sources */ = {isa = PBXBuildFile; fileRef = OBJ_28 /* AtomicReferenceTests.swift */; };
		OBJ_79 /* AutoReleasingSemaphoreTests.swift in Sources */ = {isa = PBXBuildFile; fileRef = OBJ_29 /* AutoReleasingSemaphoreTests.swift */; };
		OBJ_80 /* CountDownLatchTests.swift in Sources */ = {isa = PBXBuildFile; fileRef = OBJ_30 /* CountDownLatchTests.swift */; };
		OBJ_81 /* ConcurrentSequenceExecutorTests.swift in Sources */ = {isa = PBXBuildFile; fileRef = OBJ_32 /* ConcurrentSequenceExecutorTests.swift */; };
		OBJ_83 /* Concurrency.framework in Frameworks */ = {isa = PBXBuildFile; fileRef = "Concurrency::Concurrency::Product" /* Concurrency.framework */; };
		OBJ_84 /* ObjCBridges.framework in Frameworks */ = {isa = PBXBuildFile; fileRef = "Concurrency::ObjCBridges::Product" /* ObjCBridges.framework */; };
		OBJ_91 /* AtomicBridges.m in Sources */ = {isa = PBXBuildFile; fileRef = OBJ_20 /* AtomicBridges.m */; };
/* End PBXBuildFile section */

/* Begin PBXContainerItemProxy section */
		03461A2722C15B150067F011 /* PBXContainerItemProxy */ = {
			isa = PBXContainerItemProxy;
			containerPortal = OBJ_1 /* Project object */;
			proxyType = 1;
			remoteGlobalIDString = "Concurrency::ObjCBridges";
			remoteInfo = ObjCBridges;
		};
		03461A2822C15B160067F011 /* PBXContainerItemProxy */ = {
			isa = PBXContainerItemProxy;
			containerPortal = OBJ_1 /* Project object */;
			proxyType = 1;
			remoteGlobalIDString = "Concurrency::Concurrency";
			remoteInfo = Concurrency;
		};
		03461A2922C15B160067F011 /* PBXContainerItemProxy */ = {
			isa = PBXContainerItemProxy;
			containerPortal = OBJ_1 /* Project object */;
			proxyType = 1;
			remoteGlobalIDString = "Concurrency::ObjCBridges";
			remoteInfo = ObjCBridges;
		};
		03461A2A22C15B170067F011 /* PBXContainerItemProxy */ = {
			isa = PBXContainerItemProxy;
			containerPortal = OBJ_1 /* Project object */;
			proxyType = 1;
			remoteGlobalIDString = "Concurrency::ConcurrencyTests";
			remoteInfo = ConcurrencyTests;
		};
/* End PBXContainerItemProxy section */

/* Begin PBXFileReference section */
		"Concurrency::Concurrency::Product" /* Concurrency.framework */ = {isa = PBXFileReference; lastKnownFileType = wrapper.framework; path = Concurrency.framework; sourceTree = BUILT_PRODUCTS_DIR; };
		"Concurrency::ConcurrencyTests::Product" /* ConcurrencyTests.xctest */ = {isa = PBXFileReference; lastKnownFileType = file; path = ConcurrencyTests.xctest; sourceTree = BUILT_PRODUCTS_DIR; };
		"Concurrency::ObjCBridges::Product" /* ObjCBridges.framework */ = {isa = PBXFileReference; lastKnownFileType = wrapper.framework; path = ObjCBridges.framework; sourceTree = BUILT_PRODUCTS_DIR; };
		OBJ_10 /* AtomicInt.swift */ = {isa = PBXFileReference; lastKnownFileType = sourcecode.swift; path = AtomicInt.swift; sourceTree = "<group>"; };
		OBJ_11 /* AtomicReference.swift */ = {isa = PBXFileReference; lastKnownFileType = sourcecode.swift; path = AtomicReference.swift; sourceTree = "<group>"; };
		OBJ_12 /* AutoReleasingSemaphore.swift */ = {isa = PBXFileReference; lastKnownFileType = sourcecode.swift; path = AutoReleasingSemaphore.swift; sourceTree = "<group>"; };
		OBJ_13 /* CountDownLatch.swift */ = {isa = PBXFileReference; lastKnownFileType = sourcecode.swift; path = CountDownLatch.swift; sourceTree = "<group>"; };
		OBJ_15 /* ConcurrentSequenceExecutor.swift */ = {isa = PBXFileReference; lastKnownFileType = sourcecode.swift; path = ConcurrentSequenceExecutor.swift; sourceTree = "<group>"; };
		OBJ_16 /* ImmediateSerialSequenceExecutor.swift */ = {isa = PBXFileReference; lastKnownFileType = sourcecode.swift; path = ImmediateSerialSequenceExecutor.swift; sourceTree = "<group>"; };
		OBJ_17 /* SequenceExecutor.swift */ = {isa = PBXFileReference; lastKnownFileType = sourcecode.swift; path = SequenceExecutor.swift; sourceTree = "<group>"; };
		OBJ_18 /* Task.swift */ = {isa = PBXFileReference; lastKnownFileType = sourcecode.swift; path = Task.swift; sourceTree = "<group>"; };
		OBJ_20 /* AtomicBridges.m */ = {isa = PBXFileReference; lastKnownFileType = sourcecode.c.objc; path = AtomicBridges.m; sourceTree = "<group>"; };
		OBJ_22 /* AtomicBridges.h */ = {isa = PBXFileReference; lastKnownFileType = sourcecode.c.h; path = AtomicBridges.h; sourceTree = "<group>"; };
		OBJ_23 /* module.modulemap */ = {isa = PBXFileReference; lastKnownFileType = "sourcecode.module-map"; name = module.modulemap; path = "/Users/indragie/Desktop/swift-concurrency/Concurrency.xcodeproj/GeneratedModuleMap/ObjCBridges/module.modulemap"; sourceTree = "<group>"; };
		OBJ_26 /* AtomicBoolTests.swift */ = {isa = PBXFileReference; lastKnownFileType = sourcecode.swift; path = AtomicBoolTests.swift; sourceTree = "<group>"; };
		OBJ_27 /* AtomicIntTests.swift */ = {isa = PBXFileReference; lastKnownFileType = sourcecode.swift; path = AtomicIntTests.swift; sourceTree = "<group>"; };
		OBJ_28 /* AtomicReferenceTests.swift */ = {isa = PBXFileReference; lastKnownFileType = sourcecode.swift; path = AtomicReferenceTests.swift; sourceTree = "<group>"; };
		OBJ_29 /* AutoReleasingSemaphoreTests.swift */ = {isa = PBXFileReference; lastKnownFileType = sourcecode.swift; path = AutoReleasingSemaphoreTests.swift; sourceTree = "<group>"; };
		OBJ_30 /* CountDownLatchTests.swift */ = {isa = PBXFileReference; lastKnownFileType = sourcecode.swift; path = CountDownLatchTests.swift; sourceTree = "<group>"; };
		OBJ_32 /* ConcurrentSequenceExecutorTests.swift */ = {isa = PBXFileReference; lastKnownFileType = sourcecode.swift; path = ConcurrentSequenceExecutorTests.swift; sourceTree = "<group>"; };
		OBJ_37 /* CODE_OF_CONDUCT.md */ = {isa = PBXFileReference; lastKnownFileType = net.daringfireball.markdown; path = CODE_OF_CONDUCT.md; sourceTree = "<group>"; };
		OBJ_38 /* README.md */ = {isa = PBXFileReference; lastKnownFileType = net.daringfireball.markdown; path = README.md; sourceTree = "<group>"; };
		OBJ_39 /* NOTICE.txt */ = {isa = PBXFileReference; lastKnownFileType = text; path = NOTICE.txt; sourceTree = "<group>"; };
		OBJ_40 /* CONTRIBUTING.md */ = {isa = PBXFileReference; lastKnownFileType = net.daringfireball.markdown; path = CONTRIBUTING.md; sourceTree = "<group>"; };
		OBJ_41 /* LICENSE.txt */ = {isa = PBXFileReference; lastKnownFileType = text; path = LICENSE.txt; sourceTree = "<group>"; };
		OBJ_6 /* Package.swift */ = {isa = PBXFileReference; explicitFileType = sourcecode.swift; path = Package.swift; sourceTree = "<group>"; };
		OBJ_9 /* AtomicBool.swift */ = {isa = PBXFileReference; lastKnownFileType = sourcecode.swift; path = AtomicBool.swift; sourceTree = "<group>"; };
/* End PBXFileReference section */

/* Begin PBXFrameworksBuildPhase section */
		OBJ_56 /* Frameworks */ = {
			isa = PBXFrameworksBuildPhase;
			buildActionMask = 0;
			files = (
				OBJ_57 /* ObjCBridges.framework in Frameworks */,
			);
			runOnlyForDeploymentPostprocessing = 0;
		};
		OBJ_82 /* Frameworks */ = {
			isa = PBXFrameworksBuildPhase;
			buildActionMask = 0;
			files = (
				OBJ_83 /* Concurrency.framework in Frameworks */,
				OBJ_84 /* ObjCBridges.framework in Frameworks */,
			);
			runOnlyForDeploymentPostprocessing = 0;
		};
		OBJ_92 /* Frameworks */ = {
			isa = PBXFrameworksBuildPhase;
			buildActionMask = 0;
			files = (
			);
			runOnlyForDeploymentPostprocessing = 0;
		};
/* End PBXFrameworksBuildPhase section */

/* Begin PBXGroup section */
		OBJ_14 /* Executor */ = {
			isa = PBXGroup;
			children = (
				OBJ_15 /* ConcurrentSequenceExecutor.swift */,
				OBJ_16 /* ImmediateSerialSequenceExecutor.swift */,
				OBJ_17 /* SequenceExecutor.swift */,
				OBJ_18 /* Task.swift */,
			);
			path = Executor;
			sourceTree = "<group>";
		};
		OBJ_19 /* ObjCBridges */ = {
			isa = PBXGroup;
			children = (
				OBJ_20 /* AtomicBridges.m */,
				OBJ_21 /* include */,
			);
			name = ObjCBridges;
			path = Sources/ObjCBridges;
			sourceTree = SOURCE_ROOT;
		};
		OBJ_21 /* include */ = {
			isa = PBXGroup;
			children = (
				OBJ_22 /* AtomicBridges.h */,
				OBJ_23 /* module.modulemap */,
			);
			path = include;
			sourceTree = "<group>";
		};
		OBJ_24 /* Tests */ = {
			isa = PBXGroup;
			children = (
				OBJ_25 /* ConcurrencyTests */,
			);
			name = Tests;
			sourceTree = SOURCE_ROOT;
		};
		OBJ_25 /* ConcurrencyTests */ = {
			isa = PBXGroup;
			children = (
				OBJ_26 /* AtomicBoolTests.swift */,
				OBJ_27 /* AtomicIntTests.swift */,
				OBJ_28 /* AtomicReferenceTests.swift */,
				OBJ_29 /* AutoReleasingSemaphoreTests.swift */,
				OBJ_30 /* CountDownLatchTests.swift */,
				OBJ_31 /* Executor */,
			);
			name = ConcurrencyTests;
			path = Tests/ConcurrencyTests;
			sourceTree = SOURCE_ROOT;
		};
		OBJ_31 /* Executor */ = {
			isa = PBXGroup;
			children = (
				OBJ_32 /* ConcurrentSequenceExecutorTests.swift */,
			);
			path = Executor;
			sourceTree = "<group>";
		};
		OBJ_33 /* Products */ = {
			isa = PBXGroup;
			children = (
				"Concurrency::Concurrency::Product" /* Concurrency.framework */,
				"Concurrency::ObjCBridges::Product" /* ObjCBridges.framework */,
				"Concurrency::ConcurrencyTests::Product" /* ConcurrencyTests.xctest */,
			);
			name = Products;
			sourceTree = BUILT_PRODUCTS_DIR;
		};
		OBJ_5 /*  */ = {
			isa = PBXGroup;
			children = (
				OBJ_6 /* Package.swift */,
				OBJ_7 /* Sources */,
				OBJ_24 /* Tests */,
				OBJ_33 /* Products */,
				OBJ_37 /* CODE_OF_CONDUCT.md */,
				OBJ_38 /* README.md */,
				OBJ_39 /* NOTICE.txt */,
				OBJ_40 /* CONTRIBUTING.md */,
				OBJ_41 /* LICENSE.txt */,
			);
			name = "";
			sourceTree = "<group>";
		};
		OBJ_7 /* Sources */ = {
			isa = PBXGroup;
			children = (
				OBJ_8 /* Concurrency */,
				OBJ_19 /* ObjCBridges */,
			);
			name = Sources;
			sourceTree = SOURCE_ROOT;
		};
		OBJ_8 /* Concurrency */ = {
			isa = PBXGroup;
			children = (
				OBJ_9 /* AtomicBool.swift */,
				OBJ_10 /* AtomicInt.swift */,
				OBJ_11 /* AtomicReference.swift */,
				OBJ_12 /* AutoReleasingSemaphore.swift */,
				OBJ_13 /* CountDownLatch.swift */,
				OBJ_14 /* Executor */,
			);
			name = Concurrency;
			path = Sources/Concurrency;
			sourceTree = SOURCE_ROOT;
		};
/* End PBXGroup section */

/* Begin PBXNativeTarget section */
		"Concurrency::Concurrency" /* Concurrency */ = {
			isa = PBXNativeTarget;
			buildConfigurationList = OBJ_43 /* Build configuration list for PBXNativeTarget "Concurrency" */;
			buildPhases = (
				OBJ_46 /* Sources */,
				OBJ_56 /* Frameworks */,
			);
			buildRules = (
			);
			dependencies = (
				OBJ_58 /* PBXTargetDependency */,
			);
			name = Concurrency;
			productName = Concurrency;
			productReference = "Concurrency::Concurrency::Product" /* Concurrency.framework */;
			productType = "com.apple.product-type.framework";
		};
		"Concurrency::ConcurrencyTests" /* ConcurrencyTests */ = {
			isa = PBXNativeTarget;
			buildConfigurationList = OBJ_72 /* Build configuration list for PBXNativeTarget "ConcurrencyTests" */;
			buildPhases = (
				OBJ_75 /* Sources */,
				OBJ_82 /* Frameworks */,
			);
			buildRules = (
			);
			dependencies = (
				OBJ_85 /* PBXTargetDependency */,
				OBJ_86 /* PBXTargetDependency */,
			);
			name = ConcurrencyTests;
			productName = ConcurrencyTests;
			productReference = "Concurrency::ConcurrencyTests::Product" /* ConcurrencyTests.xctest */;
			productType = "com.apple.product-type.bundle.unit-test";
		};
		"Concurrency::ObjCBridges" /* ObjCBridges */ = {
			isa = PBXNativeTarget;
			buildConfigurationList = OBJ_87 /* Build configuration list for PBXNativeTarget "ObjCBridges" */;
			buildPhases = (
				OBJ_90 /* Sources */,
				OBJ_92 /* Frameworks */,
			);
			buildRules = (
			);
			dependencies = (
			);
			name = ObjCBridges;
			productName = ObjCBridges;
			productReference = "Concurrency::ObjCBridges::Product" /* ObjCBridges.framework */;
			productType = "com.apple.product-type.framework";
		};
		"Concurrency::SwiftPMPackageDescription" /* ConcurrencyPackageDescription */ = {
			isa = PBXNativeTarget;
			buildConfigurationList = OBJ_61 /* Build configuration list for PBXNativeTarget "ConcurrencyPackageDescription" */;
			buildPhases = (
				OBJ_64 /* Sources */,
			);
			buildRules = (
			);
			dependencies = (
			);
			name = ConcurrencyPackageDescription;
			productName = ConcurrencyPackageDescription;
			productType = "com.apple.product-type.framework";
		};
/* End PBXNativeTarget section */

/* Begin PBXProject section */
		OBJ_1 /* Project object */ = {
			isa = PBXProject;
			attributes = {
				LastSwiftMigration = 9999;
				LastUpgradeCheck = 9999;
			};
			buildConfigurationList = OBJ_2 /* Build configuration list for PBXProject "Concurrency" */;
			compatibilityVersion = "Xcode 3.2";
			developmentRegion = English;
			hasScannedForEncodings = 0;
			knownRegions = (
				English,
				en,
			);
			mainGroup = OBJ_5 /*  */;
			productRefGroup = OBJ_33 /* Products */;
			projectDirPath = "";
			projectRoot = "";
			targets = (
				"Concurrency::Concurrency" /* Concurrency */,
				"Concurrency::SwiftPMPackageDescription" /* ConcurrencyPackageDescription */,
				"Concurrency::ConcurrencyPackageTests::ProductTarget" /* ConcurrencyPackageTests */,
				"Concurrency::ConcurrencyTests" /* ConcurrencyTests */,
				"Concurrency::ObjCBridges" /* ObjCBridges */,
			);
		};
/* End PBXProject section */

/* Begin PBXSourcesBuildPhase section */
		OBJ_46 /* Sources */ = {
			isa = PBXSourcesBuildPhase;
			buildActionMask = 0;
			files = (
				OBJ_47 /* AtomicBool.swift in Sources */,
				OBJ_48 /* AtomicInt.swift in Sources */,
				OBJ_49 /* AtomicReference.swift in Sources */,
				OBJ_50 /* AutoReleasingSemaphore.swift in Sources */,
				OBJ_51 /* CountDownLatch.swift in Sources */,
				OBJ_52 /* ConcurrentSequenceExecutor.swift in Sources */,
				OBJ_53 /* ImmediateSerialSequenceExecutor.swift in Sources */,
				OBJ_54 /* SequenceExecutor.swift in Sources */,
				OBJ_55 /* Task.swift in Sources */,
			);
			runOnlyForDeploymentPostprocessing = 0;
		};
		OBJ_64 /* Sources */ = {
			isa = PBXSourcesBuildPhase;
			buildActionMask = 0;
			files = (
				OBJ_65 /* Package.swift in Sources */,
			);
			runOnlyForDeploymentPostprocessing = 0;
		};
		OBJ_75 /* Sources */ = {
			isa = PBXSourcesBuildPhase;
			buildActionMask = 0;
			files = (
				OBJ_76 /* AtomicBoolTests.swift in Sources */,
				OBJ_77 /* AtomicIntTests.swift in Sources */,
				OBJ_78 /* AtomicReferenceTests.swift in Sources */,
				OBJ_79 /* AutoReleasingSemaphoreTests.swift in Sources */,
				OBJ_80 /* CountDownLatchTests.swift in Sources */,
				OBJ_81 /* ConcurrentSequenceExecutorTests.swift in Sources */,
			);
			runOnlyForDeploymentPostprocessing = 0;
		};
		OBJ_90 /* Sources */ = {
			isa = PBXSourcesBuildPhase;
			buildActionMask = 0;
			files = (
				OBJ_91 /* AtomicBridges.m in Sources */,
			);
			runOnlyForDeploymentPostprocessing = 0;
		};
/* End PBXSourcesBuildPhase section */

/* Begin PBXTargetDependency section */
		OBJ_58 /* PBXTargetDependency */ = {
			isa = PBXTargetDependency;
			target = "Concurrency::ObjCBridges" /* ObjCBridges */;
			targetProxy = 03461A2722C15B150067F011 /* PBXContainerItemProxy */;
		};
		OBJ_70 /* PBXTargetDependency */ = {
			isa = PBXTargetDependency;
			target = "Concurrency::ConcurrencyTests" /* ConcurrencyTests */;
			targetProxy = 03461A2A22C15B170067F011 /* PBXContainerItemProxy */;
		};
		OBJ_85 /* PBXTargetDependency */ = {
			isa = PBXTargetDependency;
			target = "Concurrency::Concurrency" /* Concurrency */;
			targetProxy = 03461A2822C15B160067F011 /* PBXContainerItemProxy */;
		};
		OBJ_86 /* PBXTargetDependency */ = {
			isa = PBXTargetDependency;
			target = "Concurrency::ObjCBridges" /* ObjCBridges */;
			targetProxy = 03461A2922C15B160067F011 /* PBXContainerItemProxy */;
		};
/* End PBXTargetDependency section */

/* Begin XCBuildConfiguration section */
		OBJ_3 /* Debug */ = {
			isa = XCBuildConfiguration;
			buildSettings = {
				CLANG_ENABLE_OBJC_ARC = YES;
				COMBINE_HIDPI_IMAGES = YES;
				COPY_PHASE_STRIP = NO;
				DEBUG_INFORMATION_FORMAT = dwarf;
				DYLIB_INSTALL_NAME_BASE = "@rpath";
				ENABLE_NS_ASSERTIONS = YES;
				GCC_OPTIMIZATION_LEVEL = 0;
				GCC_PREPROCESSOR_DEFINITIONS = (
					"$(inherited)",
					"SWIFT_PACKAGE=1",
					"DEBUG=1",
				);
				IPHONEOS_DEPLOYMENT_TARGET = 8.0;
				MACOSX_DEPLOYMENT_TARGET = 10.10;
				ONLY_ACTIVE_ARCH = YES;
				OTHER_SWIFT_FLAGS = "-DXcode";
				PRODUCT_NAME = "$(TARGET_NAME)";
				SDKROOT = macosx;
				SUPPORTED_PLATFORMS = "macosx iphoneos iphonesimulator appletvos appletvsimulator watchos watchsimulator";
				SWIFT_ACTIVE_COMPILATION_CONDITIONS = "$(inherited) SWIFT_PACKAGE DEBUG";
				SWIFT_OPTIMIZATION_LEVEL = "-Onone";
				USE_HEADERMAP = NO;
			};
			name = Debug;
		};
		OBJ_4 /* Release */ = {
			isa = XCBuildConfiguration;
			buildSettings = {
				CLANG_ENABLE_OBJC_ARC = YES;
				COMBINE_HIDPI_IMAGES = YES;
				COPY_PHASE_STRIP = YES;
				DEBUG_INFORMATION_FORMAT = "dwarf-with-dsym";
				DYLIB_INSTALL_NAME_BASE = "@rpath";
				GCC_OPTIMIZATION_LEVEL = s;
				GCC_PREPROCESSOR_DEFINITIONS = (
					"$(inherited)",
					"SWIFT_PACKAGE=1",
				);
				IPHONEOS_DEPLOYMENT_TARGET = 8.0;
				MACOSX_DEPLOYMENT_TARGET = 10.10;
				OTHER_SWIFT_FLAGS = "-DXcode";
				PRODUCT_NAME = "$(TARGET_NAME)";
				SDKROOT = macosx;
				SUPPORTED_PLATFORMS = "macosx iphoneos iphonesimulator appletvos appletvsimulator watchos watchsimulator";
				SWIFT_ACTIVE_COMPILATION_CONDITIONS = "$(inherited) SWIFT_PACKAGE";
				SWIFT_OPTIMIZATION_LEVEL = "-Owholemodule";
				USE_HEADERMAP = NO;
			};
			name = Release;
		};
		OBJ_44 /* Debug */ = {
			isa = XCBuildConfiguration;
			buildSettings = {
				ENABLE_TESTABILITY = YES;
				FRAMEWORK_SEARCH_PATHS = (
					"$(inherited)",
					"$(PLATFORM_DIR)/Developer/Library/Frameworks",
				);
				HEADER_SEARCH_PATHS = (
					"$(inherited)",
					"$(SRCROOT)/Sources/ObjCBridges/include",
					"$(SRCROOT)/Concurrency.xcodeproj/GeneratedModuleMap/ObjCBridges",
				);
				INFOPLIST_FILE = Concurrency.xcodeproj/Concurrency_Info.plist;
				LD_RUNPATH_SEARCH_PATHS = "$(inherited) $(TOOLCHAIN_DIR)/usr/lib/swift/macosx";
				OTHER_CFLAGS = "$(inherited)";
				OTHER_LDFLAGS = "$(inherited)";
				OTHER_SWIFT_FLAGS = "$(inherited) -Xcc -fmodule-map-file=$(SRCROOT)/Concurrency.xcodeproj/GeneratedModuleMap/ObjCBridges/module.modulemap";
				PRODUCT_BUNDLE_IDENTIFIER = Concurrency;
				PRODUCT_MODULE_NAME = "$(TARGET_NAME:c99extidentifier)";
				PRODUCT_NAME = "$(TARGET_NAME:c99extidentifier)";
				SKIP_INSTALL = YES;
				SWIFT_ACTIVE_COMPILATION_CONDITIONS = "$(inherited)";
				SWIFT_VERSION = 4.0;
				TARGET_NAME = Concurrency;
			};
			name = Debug;
		};
		OBJ_45 /* Release */ = {
			isa = XCBuildConfiguration;
			buildSettings = {
				ENABLE_TESTABILITY = YES;
				FRAMEWORK_SEARCH_PATHS = (
					"$(inherited)",
					"$(PLATFORM_DIR)/Developer/Library/Frameworks",
				);
				HEADER_SEARCH_PATHS = (
					"$(inherited)",
					"$(SRCROOT)/Sources/ObjCBridges/include",
					"$(SRCROOT)/Concurrency.xcodeproj/GeneratedModuleMap/ObjCBridges",
				);
				INFOPLIST_FILE = Concurrency.xcodeproj/Concurrency_Info.plist;
				LD_RUNPATH_SEARCH_PATHS = "$(inherited) $(TOOLCHAIN_DIR)/usr/lib/swift/macosx";
				OTHER_CFLAGS = "$(inherited)";
				OTHER_LDFLAGS = "$(inherited)";
				OTHER_SWIFT_FLAGS = "$(inherited) -Xcc -fmodule-map-file=$(SRCROOT)/Concurrency.xcodeproj/GeneratedModuleMap/ObjCBridges/module.modulemap";
				PRODUCT_BUNDLE_IDENTIFIER = Concurrency;
				PRODUCT_MODULE_NAME = "$(TARGET_NAME:c99extidentifier)";
				PRODUCT_NAME = "$(TARGET_NAME:c99extidentifier)";
				SKIP_INSTALL = YES;
				SWIFT_ACTIVE_COMPILATION_CONDITIONS = "$(inherited)";
				SWIFT_VERSION = 4.0;
				TARGET_NAME = Concurrency;
			};
			name = Release;
		};
		OBJ_62 /* Debug */ = {
			isa = XCBuildConfiguration;
			buildSettings = {
				LD = /usr/bin/true;
				OTHER_SWIFT_FLAGS = "-swift-version 4 -I $(TOOLCHAIN_DIR)/usr/lib/swift/pm/4 -target x86_64-apple-macosx10.10 -sdk /Applications/Xcode.app/Contents/Developer/Platforms/MacOSX.platform/Developer/SDKs/MacOSX10.14.sdk";
				SWIFT_VERSION = 4.0;
			};
			name = Debug;
		};
		OBJ_63 /* Release */ = {
			isa = XCBuildConfiguration;
			buildSettings = {
				LD = /usr/bin/true;
				OTHER_SWIFT_FLAGS = "-swift-version 4 -I $(TOOLCHAIN_DIR)/usr/lib/swift/pm/4 -target x86_64-apple-macosx10.10 -sdk /Applications/Xcode.app/Contents/Developer/Platforms/MacOSX.platform/Developer/SDKs/MacOSX10.14.sdk";
				SWIFT_VERSION = 4.0;
			};
			name = Release;
		};
		OBJ_68 /* Debug */ = {
			isa = XCBuildConfiguration;
			buildSettings = {
			};
			name = Debug;
		};
		OBJ_69 /* Release */ = {
			isa = XCBuildConfiguration;
			buildSettings = {
			};
			name = Release;
		};
		OBJ_73 /* Debug */ = {
			isa = XCBuildConfiguration;
			buildSettings = {
				CLANG_ENABLE_MODULES = YES;
				EMBEDDED_CONTENT_CONTAINS_SWIFT = YES;
				FRAMEWORK_SEARCH_PATHS = (
					"$(inherited)",
					"$(PLATFORM_DIR)/Developer/Library/Frameworks",
				);
				HEADER_SEARCH_PATHS = (
					"$(inherited)",
					"$(SRCROOT)/Sources/ObjCBridges/include",
					"$(SRCROOT)/Concurrency.xcodeproj/GeneratedModuleMap/ObjCBridges",
				);
				INFOPLIST_FILE = Concurrency.xcodeproj/ConcurrencyTests_Info.plist;
				LD_RUNPATH_SEARCH_PATHS = "$(inherited) @loader_path/../Frameworks @loader_path/Frameworks";
				OTHER_CFLAGS = "$(inherited)";
				OTHER_LDFLAGS = "$(inherited)";
				OTHER_SWIFT_FLAGS = "$(inherited) -Xcc -fmodule-map-file=$(SRCROOT)/Concurrency.xcodeproj/GeneratedModuleMap/ObjCBridges/module.modulemap";
				SWIFT_ACTIVE_COMPILATION_CONDITIONS = "$(inherited)";
				SWIFT_VERSION = 4.0;
				TARGET_NAME = ConcurrencyTests;
			};
			name = Debug;
		};
		OBJ_74 /* Release */ = {
			isa = XCBuildConfiguration;
			buildSettings = {
				CLANG_ENABLE_MODULES = YES;
				EMBEDDED_CONTENT_CONTAINS_SWIFT = YES;
				FRAMEWORK_SEARCH_PATHS = (
					"$(inherited)",
					"$(PLATFORM_DIR)/Developer/Library/Frameworks",
				);
				HEADER_SEARCH_PATHS = (
					"$(inherited)",
					"$(SRCROOT)/Sources/ObjCBridges/include",
					"$(SRCROOT)/Concurrency.xcodeproj/GeneratedModuleMap/ObjCBridges",
				);
				INFOPLIST_FILE = Concurrency.xcodeproj/ConcurrencyTests_Info.plist;
				LD_RUNPATH_SEARCH_PATHS = "$(inherited) @loader_path/../Frameworks @loader_path/Frameworks";
				OTHER_CFLAGS = "$(inherited)";
				OTHER_LDFLAGS = "$(inherited)";
				OTHER_SWIFT_FLAGS = "$(inherited) -Xcc -fmodule-map-file=$(SRCROOT)/Concurrency.xcodeproj/GeneratedModuleMap/ObjCBridges/module.modulemap";
				SWIFT_ACTIVE_COMPILATION_CONDITIONS = "$(inherited)";
				SWIFT_VERSION = 4.0;
				TARGET_NAME = ConcurrencyTests;
			};
			name = Release;
		};
		OBJ_88 /* Debug */ = {
			isa = XCBuildConfiguration;
			buildSettings = {
				DEFINES_MODULE = NO;
				ENABLE_TESTABILITY = YES;
				FRAMEWORK_SEARCH_PATHS = (
					"$(inherited)",
					"$(PLATFORM_DIR)/Developer/Library/Frameworks",
				);
				HEADER_SEARCH_PATHS = (
					"$(inherited)",
					"$(SRCROOT)/Sources/ObjCBridges/include",
				);
				INFOPLIST_FILE = Concurrency.xcodeproj/ObjCBridges_Info.plist;
				LD_RUNPATH_SEARCH_PATHS = "$(inherited) $(TOOLCHAIN_DIR)/usr/lib/swift/macosx";
				OTHER_CFLAGS = "$(inherited)";
				OTHER_LDFLAGS = "$(inherited)";
				OTHER_SWIFT_FLAGS = "$(inherited)";
				PRODUCT_BUNDLE_IDENTIFIER = ObjCBridges;
				PRODUCT_MODULE_NAME = "$(TARGET_NAME:c99extidentifier)";
				PRODUCT_NAME = "$(TARGET_NAME:c99extidentifier)";
				SKIP_INSTALL = YES;
				SWIFT_ACTIVE_COMPILATION_CONDITIONS = "$(inherited)";
				TARGET_NAME = ObjCBridges;
			};
			name = Debug;
		};
		OBJ_89 /* Release */ = {
			isa = XCBuildConfiguration;
			buildSettings = {
				DEFINES_MODULE = NO;
				ENABLE_TESTABILITY = YES;
				FRAMEWORK_SEARCH_PATHS = (
					"$(inherited)",
					"$(PLATFORM_DIR)/Developer/Library/Frameworks",
				);
				HEADER_SEARCH_PATHS = (
					"$(inherited)",
					"$(SRCROOT)/Sources/ObjCBridges/include",
				);
				INFOPLIST_FILE = Concurrency.xcodeproj/ObjCBridges_Info.plist;
				LD_RUNPATH_SEARCH_PATHS = "$(inherited) $(TOOLCHAIN_DIR)/usr/lib/swift/macosx";
				OTHER_CFLAGS = "$(inherited)";
				OTHER_LDFLAGS = "$(inherited)";
				OTHER_SWIFT_FLAGS = "$(inherited)";
				PRODUCT_BUNDLE_IDENTIFIER = ObjCBridges;
				PRODUCT_MODULE_NAME = "$(TARGET_NAME:c99extidentifier)";
				PRODUCT_NAME = "$(TARGET_NAME:c99extidentifier)";
				SKIP_INSTALL = YES;
				SWIFT_ACTIVE_COMPILATION_CONDITIONS = "$(inherited)";
				TARGET_NAME = ObjCBridges;
			};
			name = Release;
		};
/* End XCBuildConfiguration section */

/* Begin XCConfigurationList section */
		OBJ_2 /* Build configuration list for PBXProject "Concurrency" */ = {
			isa = XCConfigurationList;
			buildConfigurations = (
				OBJ_3 /* Debug */,
				OBJ_4 /* Release */,
			);
			defaultConfigurationIsVisible = 0;
			defaultConfigurationName = Release;
		};
		OBJ_43 /* Build configuration list for PBXNativeTarget "Concurrency" */ = {
			isa = XCConfigurationList;
			buildConfigurations = (
				OBJ_44 /* Debug */,
				OBJ_45 /* Release */,
			);
			defaultConfigurationIsVisible = 0;
			defaultConfigurationName = Release;
		};
		OBJ_61 /* Build configuration list for PBXNativeTarget "ConcurrencyPackageDescription" */ = {
			isa = XCConfigurationList;
			buildConfigurations = (
				OBJ_62 /* Debug */,
				OBJ_63 /* Release */,
			);
			defaultConfigurationIsVisible = 0;
			defaultConfigurationName = Release;
		};
		OBJ_67 /* Build configuration list for PBXAggregateTarget "ConcurrencyPackageTests" */ = {
			isa = XCConfigurationList;
			buildConfigurations = (
				OBJ_68 /* Debug */,
				OBJ_69 /* Release */,
			);
			defaultConfigurationIsVisible = 0;
			defaultConfigurationName = Release;
		};
		OBJ_72 /* Build configuration list for PBXNativeTarget "ConcurrencyTests" */ = {
			isa = XCConfigurationList;
			buildConfigurations = (
				OBJ_73 /* Debug */,
				OBJ_74 /* Release */,
			);
			defaultConfigurationIsVisible = 0;
			defaultConfigurationName = Release;
		};
		OBJ_87 /* Build configuration list for PBXNativeTarget "ObjCBridges" */ = {
			isa = XCConfigurationList;
			buildConfigurations = (
				OBJ_88 /* Debug */,
				OBJ_89 /* Release */,
			);
			defaultConfigurationIsVisible = 0;
			defaultConfigurationName = Release;
		};
/* End XCConfigurationList section */
	};
	rootObject = OBJ_1 /* Project object */;
}
